
Microsoft Visual Studio Solution File, Format Version 12.00
# Visual Studio Version 16
VisualStudioVersion = 16.0.30711.63
MinimumVisualStudioVersion = 10.0.40219.1
Project("{FAE04EC0-301F-11D3-BF4B-00C04F79EFBC}") = "VererbungGrundlagen_2", "VererbungGrundlagen_2\VererbungGrundlagen_2.csproj", "{5647655F-1C64-494C-9042-623ED2BD8E05}"
EndProject
Global
	GlobalSection(SolutionConfigurationPlatforms) = preSolution
		Debug|Any CPU = Debug|Any CPU
		Release|Any CPU = Release|Any CPU
	EndGlobalSection
	GlobalSection(ProjectConfigurationPlatforms) = postSolution
		{5647655F-1C64-494C-9042-623ED2BD8E05}.Debug|Any CPU.ActiveCfg = Debug|Any CPU
		{5647655F-1C64-494C-9042-623ED2BD8E05}.Debug|Any CPU.Build.0 = Debug|Any CPU
		{5647655F-1C64-494C-9042-623ED2BD8E05}.Release|Any CPU.ActiveCfg = Release|Any CPU
		{5647655F-1C64-494C-9042-623ED2BD8E05}.Release|Any CPU.Build.0 = Release|Any CPU
	EndGlobalSection
	GlobalSection(SolutionProperties) = preSolution
		HideSolutionNode = FALSE
	EndGlobalSection
	GlobalSection(ExtensibilityGlobals) = postSolution
		SolutionGuid = {3F560EA8-7460-4F12-9026-758871A624F2}
	EndGlobalSection
EndGlobal
