
Microsoft Visual Studio Solution File, Format Version 12.00
# Visual Studio Version 16
VisualStudioVersion = 16.0.30611.23
MinimumVisualStudioVersion = 10.0.40219.1
Project("{FAE04EC0-301F-11D3-BF4B-00C04F79EFBC}") = "MethodenGL", "MethodenGL\MethodenGL.csproj", "{38D73C4C-F1B0-4728-A1C3-403CA1CDC65E}"
EndProject
Global
	GlobalSection(SolutionConfigurationPlatforms) = preSolution
		Debug|Any CPU = Debug|Any CPU
		Release|Any CPU = Release|Any CPU
	EndGlobalSection
	GlobalSection(ProjectConfigurationPlatforms) = postSolution
		{38D73C4C-F1B0-4728-A1C3-403CA1CDC65E}.Debug|Any CPU.ActiveCfg = Debug|Any CPU
		{38D73C4C-F1B0-4728-A1C3-403CA1CDC65E}.Debug|Any CPU.Build.0 = Debug|Any CPU
		{38D73C4C-F1B0-4728-A1C3-403CA1CDC65E}.Release|Any CPU.ActiveCfg = Release|Any CPU
		{38D73C4C-F1B0-4728-A1C3-403CA1CDC65E}.Release|Any CPU.Build.0 = Release|Any CPU
	EndGlobalSection
	GlobalSection(SolutionProperties) = preSolution
		HideSolutionNode = FALSE
	EndGlobalSection
	GlobalSection(ExtensibilityGlobals) = postSolution
		SolutionGuid = {42D67B85-C995-49AE-BB2C-A2FE10E34D7A}
	EndGlobalSection
EndGlobal
