
Microsoft Visual Studio Solution File, Format Version 12.00
# Visual Studio Version 16
VisualStudioVersion = 16.0.30717.126
MinimumVisualStudioVersion = 10.0.40219.1
Project("{FAE04EC0-301F-11D3-BF4B-00C04F79EFBC}") = "DelegatesAndLambda", "DelegatesAndLambda\DelegatesAndLambda.csproj", "{8EC45AD4-F3A6-49C5-A779-C1D2C6AD031D}"
EndProject
Global
	GlobalSection(SolutionConfigurationPlatforms) = preSolution
		Debug|Any CPU = Debug|Any CPU
		Release|Any CPU = Release|Any CPU
	EndGlobalSection
	GlobalSection(ProjectConfigurationPlatforms) = postSolution
		{8EC45AD4-F3A6-49C5-A779-C1D2C6AD031D}.Debug|Any CPU.ActiveCfg = Debug|Any CPU
		{8EC45AD4-F3A6-49C5-A779-C1D2C6AD031D}.Debug|Any CPU.Build.0 = Debug|Any CPU
		{8EC45AD4-F3A6-49C5-A779-C1D2C6AD031D}.Release|Any CPU.ActiveCfg = Release|Any CPU
		{8EC45AD4-F3A6-49C5-A779-C1D2C6AD031D}.Release|Any CPU.Build.0 = Release|Any CPU
	EndGlobalSection
	GlobalSection(SolutionProperties) = preSolution
		HideSolutionNode = FALSE
	EndGlobalSection
	GlobalSection(ExtensibilityGlobals) = postSolution
		SolutionGuid = {DC929E60-6B5F-4908-BF4F-83837C9E33D0}
	EndGlobalSection
EndGlobal
