
Microsoft Visual Studio Solution File, Format Version 12.00
# Visual Studio Version 16
VisualStudioVersion = 16.0.30717.126
MinimumVisualStudioVersion = 10.0.40219.1
Project("{FAE04EC0-301F-11D3-BF4B-00C04F79EFBC}") = "LambdaGrundlagen", "LambdaGrundlagen\LambdaGrundlagen.csproj", "{9AF6951A-D373-45DE-AF06-3372D1338E13}"
EndProject
Global
	GlobalSection(SolutionConfigurationPlatforms) = preSolution
		Debug|Any CPU = Debug|Any CPU
		Release|Any CPU = Release|Any CPU
	EndGlobalSection
	GlobalSection(ProjectConfigurationPlatforms) = postSolution
		{9AF6951A-D373-45DE-AF06-3372D1338E13}.Debug|Any CPU.ActiveCfg = Debug|Any CPU
		{9AF6951A-D373-45DE-AF06-3372D1338E13}.Debug|Any CPU.Build.0 = Debug|Any CPU
		{9AF6951A-D373-45DE-AF06-3372D1338E13}.Release|Any CPU.ActiveCfg = Release|Any CPU
		{9AF6951A-D373-45DE-AF06-3372D1338E13}.Release|Any CPU.Build.0 = Release|Any CPU
	EndGlobalSection
	GlobalSection(SolutionProperties) = preSolution
		HideSolutionNode = FALSE
	EndGlobalSection
	GlobalSection(ExtensibilityGlobals) = postSolution
		SolutionGuid = {C3536055-D377-4B01-9D2B-DD2CA52F1228}
	EndGlobalSection
EndGlobal
