
Microsoft Visual Studio Solution File, Format Version 12.00
# Visual Studio Version 16
VisualStudioVersion = 16.0.30717.126
MinimumVisualStudioVersion = 10.0.40219.1
Project("{FAE04EC0-301F-11D3-BF4B-00C04F79EFBC}") = "Generics_Grundlagen", "Generics_Grundlagen\Generics_Grundlagen.csproj", "{03F9CE70-C65E-43BD-B094-42C56C0690FB}"
EndProject
Global
	GlobalSection(SolutionConfigurationPlatforms) = preSolution
		Debug|Any CPU = Debug|Any CPU
		Release|Any CPU = Release|Any CPU
	EndGlobalSection
	GlobalSection(ProjectConfigurationPlatforms) = postSolution
		{03F9CE70-C65E-43BD-B094-42C56C0690FB}.Debug|Any CPU.ActiveCfg = Debug|Any CPU
		{03F9CE70-C65E-43BD-B094-42C56C0690FB}.Debug|Any CPU.Build.0 = Debug|Any CPU
		{03F9CE70-C65E-43BD-B094-42C56C0690FB}.Release|Any CPU.ActiveCfg = Release|Any CPU
		{03F9CE70-C65E-43BD-B094-42C56C0690FB}.Release|Any CPU.Build.0 = Release|Any CPU
	EndGlobalSection
	GlobalSection(SolutionProperties) = preSolution
		HideSolutionNode = FALSE
	EndGlobalSection
	GlobalSection(ExtensibilityGlobals) = postSolution
		SolutionGuid = {8FFE1CC0-A03E-417D-B0C7-789F7E994236}
	EndGlobalSection
EndGlobal
