
Microsoft Visual Studio Solution File, Format Version 12.00
# Visual Studio Version 16
VisualStudioVersion = 16.0.30523.141
MinimumVisualStudioVersion = 10.0.40219.1
Project("{FAE04EC0-301F-11D3-BF4B-00C04F79EFBC}") = "EingabeDezimalWerte", "EingabeDezimalWerte\EingabeDezimalWerte.csproj", "{5791A079-AC0E-4E78-95F6-654ED482EA4D}"
EndProject
Global
	GlobalSection(SolutionConfigurationPlatforms) = preSolution
		Debug|Any CPU = Debug|Any CPU
		Release|Any CPU = Release|Any CPU
	EndGlobalSection
	GlobalSection(ProjectConfigurationPlatforms) = postSolution
		{5791A079-AC0E-4E78-95F6-654ED482EA4D}.Debug|Any CPU.ActiveCfg = Debug|Any CPU
		{5791A079-AC0E-4E78-95F6-654ED482EA4D}.Debug|Any CPU.Build.0 = Debug|Any CPU
		{5791A079-AC0E-4E78-95F6-654ED482EA4D}.Release|Any CPU.ActiveCfg = Release|Any CPU
		{5791A079-AC0E-4E78-95F6-654ED482EA4D}.Release|Any CPU.Build.0 = Release|Any CPU
	EndGlobalSection
	GlobalSection(SolutionProperties) = preSolution
		HideSolutionNode = FALSE
	EndGlobalSection
	GlobalSection(ExtensibilityGlobals) = postSolution
		SolutionGuid = {2E8FC705-6E6F-4929-8AB8-8BEAC0FD61DC}
	EndGlobalSection
EndGlobal
