
Microsoft Visual Studio Solution File, Format Version 12.00
# Visual Studio Version 16
VisualStudioVersion = 16.0.30611.23
MinimumVisualStudioVersion = 10.0.40219.1
Project("{FAE04EC0-301F-11D3-BF4B-00C04F79EFBC}") = "StrukturenGL", "StrukturenGL\StrukturenGL.csproj", "{9800362B-BE24-44CE-9B66-E6FC6F37F740}"
EndProject
Global
	GlobalSection(SolutionConfigurationPlatforms) = preSolution
		Debug|Any CPU = Debug|Any CPU
		Release|Any CPU = Release|Any CPU
	EndGlobalSection
	GlobalSection(ProjectConfigurationPlatforms) = postSolution
		{9800362B-BE24-44CE-9B66-E6FC6F37F740}.Debug|Any CPU.ActiveCfg = Debug|Any CPU
		{9800362B-BE24-44CE-9B66-E6FC6F37F740}.Debug|Any CPU.Build.0 = Debug|Any CPU
		{9800362B-BE24-44CE-9B66-E6FC6F37F740}.Release|Any CPU.ActiveCfg = Release|Any CPU
		{9800362B-BE24-44CE-9B66-E6FC6F37F740}.Release|Any CPU.Build.0 = Release|Any CPU
	EndGlobalSection
	GlobalSection(SolutionProperties) = preSolution
		HideSolutionNode = FALSE
	EndGlobalSection
	GlobalSection(ExtensibilityGlobals) = postSolution
		SolutionGuid = {34CFAE9A-1365-4F4D-BED8-2C014C176DAD}
	EndGlobalSection
EndGlobal
