
Microsoft Visual Studio Solution File, Format Version 12.00
# Visual Studio Version 16
VisualStudioVersion = 16.0.30711.63
MinimumVisualStudioVersion = 10.0.40219.1
Project("{FAE04EC0-301F-11D3-BF4B-00C04F79EFBC}") = "Grundlagen_HatEin_Vererbung", "Grundlagen_HatEin_Vererbung\Grundlagen_HatEin_Vererbung.csproj", "{3319E070-8EA1-41AC-B9FB-1810F3ADD1E4}"
EndProject
Global
	GlobalSection(SolutionConfigurationPlatforms) = preSolution
		Debug|Any CPU = Debug|Any CPU
		Release|Any CPU = Release|Any CPU
	EndGlobalSection
	GlobalSection(ProjectConfigurationPlatforms) = postSolution
		{3319E070-8EA1-41AC-B9FB-1810F3ADD1E4}.Debug|Any CPU.ActiveCfg = Debug|Any CPU
		{3319E070-8EA1-41AC-B9FB-1810F3ADD1E4}.Debug|Any CPU.Build.0 = Debug|Any CPU
		{3319E070-8EA1-41AC-B9FB-1810F3ADD1E4}.Release|Any CPU.ActiveCfg = Release|Any CPU
		{3319E070-8EA1-41AC-B9FB-1810F3ADD1E4}.Release|Any CPU.Build.0 = Release|Any CPU
	EndGlobalSection
	GlobalSection(SolutionProperties) = preSolution
		HideSolutionNode = FALSE
	EndGlobalSection
	GlobalSection(ExtensibilityGlobals) = postSolution
		SolutionGuid = {BEDAB5E3-5F26-464D-B0DB-CC80BDFE9B56}
	EndGlobalSection
EndGlobal
