
Microsoft Visual Studio Solution File, Format Version 12.00
# Visual Studio Version 16
VisualStudioVersion = 16.0.30611.23
MinimumVisualStudioVersion = 10.0.40219.1
Project("{FAE04EC0-301F-11D3-BF4B-00C04F79EFBC}") = "GrundlagenVererbung", "GrundlagenVererbung\GrundlagenVererbung.csproj", "{92F98414-C4AC-4AF5-AD7B-820E188B62B8}"
EndProject
Global
	GlobalSection(SolutionConfigurationPlatforms) = preSolution
		Debug|Any CPU = Debug|Any CPU
		Release|Any CPU = Release|Any CPU
	EndGlobalSection
	GlobalSection(ProjectConfigurationPlatforms) = postSolution
		{92F98414-C4AC-4AF5-AD7B-820E188B62B8}.Debug|Any CPU.ActiveCfg = Debug|Any CPU
		{92F98414-C4AC-4AF5-AD7B-820E188B62B8}.Debug|Any CPU.Build.0 = Debug|Any CPU
		{92F98414-C4AC-4AF5-AD7B-820E188B62B8}.Release|Any CPU.ActiveCfg = Release|Any CPU
		{92F98414-C4AC-4AF5-AD7B-820E188B62B8}.Release|Any CPU.Build.0 = Release|Any CPU
	EndGlobalSection
	GlobalSection(SolutionProperties) = preSolution
		HideSolutionNode = FALSE
	EndGlobalSection
	GlobalSection(ExtensibilityGlobals) = postSolution
		SolutionGuid = {A95A3906-45E0-4071-97ED-684B29AC7DDA}
	EndGlobalSection
EndGlobal
