
Microsoft Visual Studio Solution File, Format Version 12.00
# Visual Studio Version 16
VisualStudioVersion = 16.0.30717.126
MinimumVisualStudioVersion = 10.0.40219.1
Project("{FAE04EC0-301F-11D3-BF4B-00C04F79EFBC}") = "Wifi.PlaylistEditor", "Wifi.PlaylistEditor\Wifi.PlaylistEditor.csproj", "{94458086-D9F0-4A37-A9C8-946A087A01E6}"
EndProject
Project("{FAE04EC0-301F-11D3-BF4B-00C04F79EFBC}") = "Wifi.PlaylistEditor.Types", "Wifi.PlaylistEditor.Types\Wifi.PlaylistEditor.Types.csproj", "{D8CF8C6A-196E-43B6-90BA-0017F6B257DA}"
EndProject
Project("{FAE04EC0-301F-11D3-BF4B-00C04F79EFBC}") = "Wifi.PlaylistEditor.Items", "Wifi.PlaylistEditor.Items\Wifi.PlaylistEditor.Items.csproj", "{17BE6E52-E6BD-4E1A-B26C-F6635426D46C}"
EndProject
Project("{FAE04EC0-301F-11D3-BF4B-00C04F79EFBC}") = "Wifi.PlaylistEditor.Items.Tests", "Wifi.PlaylistEditor.Items.Tests\Wifi.PlaylistEditor.Items.Tests.csproj", "{1FB733F6-7D9A-48E3-BA14-6ADE6D83202F}"
EndProject
Project("{FAE04EC0-301F-11D3-BF4B-00C04F79EFBC}") = "Wifi.PlaylistEditor.Types.Tests", "Wifi.PlaylistEditor.Types.Tests\Wifi.PlaylistEditor.Types.Tests.csproj", "{3826CDE2-094D-4F73-98C2-6661B36A72C7}"
EndProject
Project("{FAE04EC0-301F-11D3-BF4B-00C04F79EFBC}") = "Wifi.PlaylistEditor.Factories", "Wifi.PlaylistEditor.Factories\Wifi.PlaylistEditor.Factories.csproj", "{762E69A7-D361-415E-924F-ADC7287CEA8A}"
EndProject
Global
	GlobalSection(SolutionConfigurationPlatforms) = preSolution
		Debug|Any CPU = Debug|Any CPU
		Release|Any CPU = Release|Any CPU
	EndGlobalSection
	GlobalSection(ProjectConfigurationPlatforms) = postSolution
		{94458086-D9F0-4A37-A9C8-946A087A01E6}.Debug|Any CPU.ActiveCfg = Debug|Any CPU
		{94458086-D9F0-4A37-A9C8-946A087A01E6}.Debug|Any CPU.Build.0 = Debug|Any CPU
		{94458086-D9F0-4A37-A9C8-946A087A01E6}.Release|Any CPU.ActiveCfg = Release|Any CPU
		{94458086-D9F0-4A37-A9C8-946A087A01E6}.Release|Any CPU.Build.0 = Release|Any CPU
		{D8CF8C6A-196E-43B6-90BA-0017F6B257DA}.Debug|Any CPU.ActiveCfg = Debug|Any CPU
		{D8CF8C6A-196E-43B6-90BA-0017F6B257DA}.Debug|Any CPU.Build.0 = Debug|Any CPU
		{D8CF8C6A-196E-43B6-90BA-0017F6B257DA}.Release|Any CPU.ActiveCfg = Release|Any CPU
		{D8CF8C6A-196E-43B6-90BA-0017F6B257DA}.Release|Any CPU.Build.0 = Release|Any CPU
		{17BE6E52-E6BD-4E1A-B26C-F6635426D46C}.Debug|Any CPU.ActiveCfg = Debug|Any CPU
		{17BE6E52-E6BD-4E1A-B26C-F6635426D46C}.Debug|Any CPU.Build.0 = Debug|Any CPU
		{17BE6E52-E6BD-4E1A-B26C-F6635426D46C}.Release|Any CPU.ActiveCfg = Release|Any CPU
		{17BE6E52-E6BD-4E1A-B26C-F6635426D46C}.Release|Any CPU.Build.0 = Release|Any CPU
		{1FB733F6-7D9A-48E3-BA14-6ADE6D83202F}.Debug|Any CPU.ActiveCfg = Debug|Any CPU
		{1FB733F6-7D9A-48E3-BA14-6ADE6D83202F}.Debug|Any CPU.Build.0 = Debug|Any CPU
		{1FB733F6-7D9A-48E3-BA14-6ADE6D83202F}.Release|Any CPU.ActiveCfg = Release|Any CPU
		{1FB733F6-7D9A-48E3-BA14-6ADE6D83202F}.Release|Any CPU.Build.0 = Release|Any CPU
		{3826CDE2-094D-4F73-98C2-6661B36A72C7}.Debug|Any CPU.ActiveCfg = Debug|Any CPU
		{3826CDE2-094D-4F73-98C2-6661B36A72C7}.Debug|Any CPU.Build.0 = Debug|Any CPU
		{3826CDE2-094D-4F73-98C2-6661B36A72C7}.Release|Any CPU.ActiveCfg = Release|Any CPU
		{3826CDE2-094D-4F73-98C2-6661B36A72C7}.Release|Any CPU.Build.0 = Release|Any CPU
		{762E69A7-D361-415E-924F-ADC7287CEA8A}.Debug|Any CPU.ActiveCfg = Debug|Any CPU
		{762E69A7-D361-415E-924F-ADC7287CEA8A}.Debug|Any CPU.Build.0 = Debug|Any CPU
		{762E69A7-D361-415E-924F-ADC7287CEA8A}.Release|Any CPU.ActiveCfg = Release|Any CPU
		{762E69A7-D361-415E-924F-ADC7287CEA8A}.Release|Any CPU.Build.0 = Release|Any CPU
	EndGlobalSection
	GlobalSection(SolutionProperties) = preSolution
		HideSolutionNode = FALSE
	EndGlobalSection
	GlobalSection(ExtensibilityGlobals) = postSolution
		SolutionGuid = {759314C0-8BE6-4ED2-9EBA-B6030FE2E138}
	EndGlobalSection
EndGlobal
