
Microsoft Visual Studio Solution File, Format Version 12.00
# Visual Studio Version 16
VisualStudioVersion = 16.0.30717.126
MinimumVisualStudioVersion = 10.0.40219.1
Project("{FAE04EC0-301F-11D3-BF4B-00C04F79EFBC}") = "Wifi.PlaylistEditor", "Wifi.PlaylistEditor\Wifi.PlaylistEditor.csproj", "{94458086-D9F0-4A37-A9C8-946A087A01E6}"
EndProject
Project("{FAE04EC0-301F-11D3-BF4B-00C04F79EFBC}") = "Wifi.PlaylistEditor.Types", "Wifi.PlaylistEditor.Types\Wifi.PlaylistEditor.Types.csproj", "{D8CF8C6A-196E-43B6-90BA-0017F6B257DA}"
EndProject
Project("{FAE04EC0-301F-11D3-BF4B-00C04F79EFBC}") = "Wifi.PlaylistEditor.Items", "Wifi.PlaylistEditor.Items\Wifi.PlaylistEditor.Items.csproj", "{17BE6E52-E6BD-4E1A-B26C-F6635426D46C}"
EndProject
Global
	GlobalSection(SolutionConfigurationPlatforms) = preSolution
		Debug|Any CPU = Debug|Any CPU
		Release|Any CPU = Release|Any CPU
	EndGlobalSection
	GlobalSection(ProjectConfigurationPlatforms) = postSolution
		{94458086-D9F0-4A37-A9C8-946A087A01E6}.Debug|Any CPU.ActiveCfg = Debug|Any CPU
		{94458086-D9F0-4A37-A9C8-946A087A01E6}.Debug|Any CPU.Build.0 = Debug|Any CPU
		{94458086-D9F0-4A37-A9C8-946A087A01E6}.Release|Any CPU.ActiveCfg = Release|Any CPU
		{94458086-D9F0-4A37-A9C8-946A087A01E6}.Release|Any CPU.Build.0 = Release|Any CPU
		{D8CF8C6A-196E-43B6-90BA-0017F6B257DA}.Debug|Any CPU.ActiveCfg = Debug|Any CPU
		{D8CF8C6A-196E-43B6-90BA-0017F6B257DA}.Debug|Any CPU.Build.0 = Debug|Any CPU
		{D8CF8C6A-196E-43B6-90BA-0017F6B257DA}.Release|Any CPU.ActiveCfg = Release|Any CPU
		{D8CF8C6A-196E-43B6-90BA-0017F6B257DA}.Release|Any CPU.Build.0 = Release|Any CPU
		{17BE6E52-E6BD-4E1A-B26C-F6635426D46C}.Debug|Any CPU.ActiveCfg = Debug|Any CPU
		{17BE6E52-E6BD-4E1A-B26C-F6635426D46C}.Debug|Any CPU.Build.0 = Debug|Any CPU
		{17BE6E52-E6BD-4E1A-B26C-F6635426D46C}.Release|Any CPU.ActiveCfg = Release|Any CPU
		{17BE6E52-E6BD-4E1A-B26C-F6635426D46C}.Release|Any CPU.Build.0 = Release|Any CPU
	EndGlobalSection
	GlobalSection(SolutionProperties) = preSolution
		HideSolutionNode = FALSE
	EndGlobalSection
	GlobalSection(ExtensibilityGlobals) = postSolution
		SolutionGuid = {759314C0-8BE6-4ED2-9EBA-B6030FE2E138}
	EndGlobalSection
EndGlobal
