
Microsoft Visual Studio Solution File, Format Version 12.00
# Visual Studio Version 16
VisualStudioVersion = 16.0.30717.126
MinimumVisualStudioVersion = 10.0.40219.1
Project("{FAE04EC0-301F-11D3-BF4B-00C04F79EFBC}") = "ExceptionsAdvanced", "ExceptionsAdvanced\ExceptionsAdvanced.csproj", "{AAE12F23-1498-48EB-84F2-A47404F1A9F8}"
EndProject
Global
	GlobalSection(SolutionConfigurationPlatforms) = preSolution
		Debug|Any CPU = Debug|Any CPU
		Release|Any CPU = Release|Any CPU
	EndGlobalSection
	GlobalSection(ProjectConfigurationPlatforms) = postSolution
		{AAE12F23-1498-48EB-84F2-A47404F1A9F8}.Debug|Any CPU.ActiveCfg = Debug|Any CPU
		{AAE12F23-1498-48EB-84F2-A47404F1A9F8}.Debug|Any CPU.Build.0 = Debug|Any CPU
		{AAE12F23-1498-48EB-84F2-A47404F1A9F8}.Release|Any CPU.ActiveCfg = Release|Any CPU
		{AAE12F23-1498-48EB-84F2-A47404F1A9F8}.Release|Any CPU.Build.0 = Release|Any CPU
	EndGlobalSection
	GlobalSection(SolutionProperties) = preSolution
		HideSolutionNode = FALSE
	EndGlobalSection
	GlobalSection(ExtensibilityGlobals) = postSolution
		SolutionGuid = {BF61891F-6E2A-4585-8562-9B49D77F5B94}
	EndGlobalSection
EndGlobal
